# generated by rye
# use `rye lock` or `rye sync` to update this lockfile
#
# last locked with the following flags:
#   pre: false
#   features: []
#   all-features: false
#   with-sources: false

-e file:.
aiobotocore==2.12.1
    # via tifa
aiofiles==23.2.1
    # via tifa
aiohttp==3.9.3
    # via aiobotocore
    # via tifa
aioitertools==0.11.0
    # via aiobotocore
aiomysql==0.2.0
    # via tifa
aioredis==2.0.1
    # via tifa
aiosignal==1.3.1
    # via aiohttp
alembic==1.13.1
    # via tifa
amqp==5.2.0
    # via kombu
annotated-types==0.6.0
    # via pydantic
anyio==4.3.0
    # via asyncer
    # via starlette
asttokens==2.4.1
    # via stack-data
async-timeout==4.0.3
    # via aioredis
asyncer==0.0.5
    # via tifa
attrs==23.2.0
    # via aiohttp
billiard==4.2.0
    # via celery
botocore==1.34.51
    # via aiobotocore
celery==5.3.6
    # via tifa
certifi==2024.2.2
    # via requests
charset-normalizer==3.3.2
    # via requests
click==8.1.7
    # via celery
    # via click-didyoumean
    # via click-plugins
    # via click-repl
    # via typer
    # via uvicorn
click-didyoumean==0.3.0
    # via celery
click-plugins==1.1.1
    # via celery
click-repl==0.3.0
    # via celery
decorator==5.1.1
    # via ipython
ecdsa==0.18.0
    # via python-jose
executing==2.0.1
    # via stack-data
fastapi==0.110.0
    # via tifa
frozenlist==1.4.1
    # via aiohttp
    # via aiosignal
greenlet==3.0.3
    # via sqlalchemy
    # via tifa
gunicorn==21.2.0
    # via tifa
h11==0.14.0
    # via uvicorn
idna==3.6
    # via anyio
    # via requests
    # via yarl
ipython==8.22.2
    # via tifa
jedi==0.19.1
    # via ipython
jinja2==3.1.3
    # via tifa
jmespath==1.0.1
    # via botocore
kombu==5.3.5
    # via celery
loguru==0.7.2
    # via tifa
mako==1.3.2
    # via alembic
markdown-it-py==3.0.0
    # via rich
markupsafe==2.1.5
    # via jinja2
    # via mako
matplotlib-inline==0.1.6
    # via ipython
mdurl==0.1.2
    # via markdown-it-py
multidict==6.0.5
    # via aiohttp
    # via yarl
numpy==1.26.4
    # via pandas
orjson==3.9.15
    # via tifa
packaging==24.0
    # via gunicorn
pandas==2.2.1
    # via tifa
parso==0.8.3
    # via jedi
passlib==1.7.4
    # via tifa
pexpect==4.9.0
    # via ipython
pillow==10.2.0
    # via tifa
prompt-toolkit==3.0.43
    # via click-repl
    # via ipython
ptyprocess==0.7.0
    # via pexpect
pure-eval==0.2.2
    # via stack-data
pyasn1==0.5.1
    # via python-jose
    # via rsa
pydantic==2.6.4
    # via fastapi
    # via pydantic-settings
    # via tifa
pydantic-core==2.16.3
    # via pydantic
    # via tifa
pydantic-settings==2.2.1
    # via tifa
pygments==2.17.2
    # via ipython
    # via rich
pymysql==1.1.0
    # via aiomysql
python-dateutil==2.9.0.post0
    # via botocore
    # via celery
    # via pandas
python-dotenv==1.0.1
    # via pydantic-settings
    # via tifa
python-jose==3.3.0
    # via tifa
pytz==2024.1
    # via pandas
requests==2.31.0
    # via tifa
rich==13.7.1
    # via tifa
rsa==4.9
    # via python-jose
six==1.16.0
    # via asttokens
    # via ecdsa
    # via python-dateutil
sniffio==1.3.1
    # via anyio
sqlalchemy==2.0.28
    # via alembic
    # via sqlalchemy
    # via tifa
stack-data==0.6.3
    # via ipython
starlette==0.36.3
    # via fastapi
tenacity==8.2.3
    # via tifa
traitlets==5.14.2
    # via ipython
    # via matplotlib-inline
typer==0.9.0
    # via tifa
typing-extensions==4.10.0
    # via aioredis
    # via alembic
    # via fastapi
    # via pydantic
    # via pydantic-core
    # via sqlalchemy
    # via typer
tzdata==2024.1
    # via celery
    # via pandas
urllib3==2.0.7
    # via botocore
    # via requests
uvicorn==0.28.0
    # via tifa
vine==5.1.0
    # via amqp
    # via celery
    # via kombu
wcwidth==0.2.13
    # via prompt-toolkit
wrapt==1.16.0
    # via aiobotocore
yarl==1.9.4
    # via aiohttp
